
Microsoft Visual Studio Solution File, Format Version 12.00
# Visual Studio Version 16
VisualStudioVersion = 16.0.31727.386
MinimumVisualStudioVersion = 10.0.40219.1
Project("{FAE04EC0-301F-11D3-BF4B-00C04F79EFBC}") = "ServerConfigForm-P5-023", "ServerConfigForm-P5-023\ServerConfigForm-P5-023.csproj", "{1E3CF888-5EE1-41AA-8725-ED9B42765CE0}"
EndProject
Global
	GlobalSection(SolutionConfigurationPlatforms) = preSolution
		Debug|Any CPU = Debug|Any CPU
		Release|Any CPU = Release|Any CPU
	EndGlobalSection
	GlobalSection(ProjectConfigurationPlatforms) = postSolution
		{1E3CF888-5EE1-41AA-8725-ED9B42765CE0}.Debug|Any CPU.ActiveCfg = Debug|Any CPU
		{1E3CF888-5EE1-41AA-8725-ED9B42765CE0}.Debug|Any CPU.Build.0 = Debug|Any CPU
		{1E3CF888-5EE1-41AA-8725-ED9B42765CE0}.Release|Any CPU.ActiveCfg = Release|Any CPU
		{1E3CF888-5EE1-41AA-8725-ED9B42765CE0}.Release|Any CPU.Build.0 = Release|Any CPU
	EndGlobalSection
	GlobalSection(SolutionProperties) = preSolution
		HideSolutionNode = FALSE
	EndGlobalSection
	GlobalSection(ExtensibilityGlobals) = postSolution
		SolutionGuid = {741288B5-4962-4CE1-9548-A2279F8EC2E4}
	EndGlobalSection
EndGlobal
